
Microsoft Visual Studio Solution File, Format Version 12.00
# Visual Studio Version 16
VisualStudioVersion = 16.0.31112.23
MinimumVisualStudioVersion = 10.0.40219.1
Project("{FAE04EC0-301F-11D3-BF4B-00C04F79EFBC}") = "Agencia", "Agencia\Agencia.csproj", "{543DF0C3-0EE5-409A-A554-8AD13050FDFF}"
EndProject
Project("{FAE04EC0-301F-11D3-BF4B-00C04F79EFBC}") = "Bussines", "Bussines\Bussines.csproj", "{69F51213-E06C-4C2C-A8FF-BC8EFC93FEF3}"
EndProject
Project("{FAE04EC0-301F-11D3-BF4B-00C04F79EFBC}") = "DataAccess", "DataAccess\DataAccess.csproj", "{6C21EA3F-A0CE-419E-9A88-ECEC0C9CEA5B}"
EndProject
Global
	GlobalSection(SolutionConfigurationPlatforms) = preSolution
		Debug|Any CPU = Debug|Any CPU
		Release|Any CPU = Release|Any CPU
	EndGlobalSection
	GlobalSection(ProjectConfigurationPlatforms) = postSolution
		{543DF0C3-0EE5-409A-A554-8AD13050FDFF}.Debug|Any CPU.ActiveCfg = Debug|Any CPU
		{543DF0C3-0EE5-409A-A554-8AD13050FDFF}.Debug|Any CPU.Build.0 = Debug|Any CPU
		{543DF0C3-0EE5-409A-A554-8AD13050FDFF}.Release|Any CPU.ActiveCfg = Release|Any CPU
		{543DF0C3-0EE5-409A-A554-8AD13050FDFF}.Release|Any CPU.Build.0 = Release|Any CPU
		{69F51213-E06C-4C2C-A8FF-BC8EFC93FEF3}.Debug|Any CPU.ActiveCfg = Debug|Any CPU
		{69F51213-E06C-4C2C-A8FF-BC8EFC93FEF3}.Debug|Any CPU.Build.0 = Debug|Any CPU
		{69F51213-E06C-4C2C-A8FF-BC8EFC93FEF3}.Release|Any CPU.ActiveCfg = Release|Any CPU
		{69F51213-E06C-4C2C-A8FF-BC8EFC93FEF3}.Release|Any CPU.Build.0 = Release|Any CPU
		{6C21EA3F-A0CE-419E-9A88-ECEC0C9CEA5B}.Debug|Any CPU.ActiveCfg = Debug|Any CPU
		{6C21EA3F-A0CE-419E-9A88-ECEC0C9CEA5B}.Debug|Any CPU.Build.0 = Debug|Any CPU
		{6C21EA3F-A0CE-419E-9A88-ECEC0C9CEA5B}.Release|Any CPU.ActiveCfg = Release|Any CPU
		{6C21EA3F-A0CE-419E-9A88-ECEC0C9CEA5B}.Release|Any CPU.Build.0 = Release|Any CPU
	EndGlobalSection
	GlobalSection(SolutionProperties) = preSolution
		HideSolutionNode = FALSE
	EndGlobalSection
	GlobalSection(ExtensibilityGlobals) = postSolution
		SolutionGuid = {97E8B58D-78C1-41B4-B263-D82785A50831}
	EndGlobalSection
EndGlobal
