
Microsoft Visual Studio Solution File, Format Version 12.00
# Visual Studio Version 16
VisualStudioVersion = 16.0.31321.278
MinimumVisualStudioVersion = 10.0.40219.1
Project("{9A19103F-16F7-4668-BE54-9A1E7A4F7556}") = "Agencia", "Agencia\Agencia.csproj", "{1AA6500D-B2FC-4F72-9917-D96F1D653E39}"
EndProject
Project("{9A19103F-16F7-4668-BE54-9A1E7A4F7556}") = "Bussines", "Bussines\Bussines.csproj", "{7CE83ACA-18C8-48E5-9B31-1AB8C0A00EFE}"
EndProject
Project("{9A19103F-16F7-4668-BE54-9A1E7A4F7556}") = "DataAccess", "DataAccess\DataAccess.csproj", "{17019CE7-5C24-440E-A341-5ECE9210EB18}"
EndProject
Project("{9A19103F-16F7-4668-BE54-9A1E7A4F7556}") = "Entities", "Entities\Entities.csproj", "{71F728EA-DD1C-45F3-8FB2-7FE4589593E7}"
EndProject
Global
	GlobalSection(SolutionConfigurationPlatforms) = preSolution
		Debug|Any CPU = Debug|Any CPU
		Release|Any CPU = Release|Any CPU
	EndGlobalSection
	GlobalSection(ProjectConfigurationPlatforms) = postSolution
		{1AA6500D-B2FC-4F72-9917-D96F1D653E39}.Debug|Any CPU.ActiveCfg = Debug|Any CPU
		{1AA6500D-B2FC-4F72-9917-D96F1D653E39}.Debug|Any CPU.Build.0 = Debug|Any CPU
		{1AA6500D-B2FC-4F72-9917-D96F1D653E39}.Release|Any CPU.ActiveCfg = Release|Any CPU
		{1AA6500D-B2FC-4F72-9917-D96F1D653E39}.Release|Any CPU.Build.0 = Release|Any CPU
		{7CE83ACA-18C8-48E5-9B31-1AB8C0A00EFE}.Debug|Any CPU.ActiveCfg = Debug|Any CPU
		{7CE83ACA-18C8-48E5-9B31-1AB8C0A00EFE}.Debug|Any CPU.Build.0 = Debug|Any CPU
		{7CE83ACA-18C8-48E5-9B31-1AB8C0A00EFE}.Release|Any CPU.ActiveCfg = Release|Any CPU
		{7CE83ACA-18C8-48E5-9B31-1AB8C0A00EFE}.Release|Any CPU.Build.0 = Release|Any CPU
		{17019CE7-5C24-440E-A341-5ECE9210EB18}.Debug|Any CPU.ActiveCfg = Debug|Any CPU
		{17019CE7-5C24-440E-A341-5ECE9210EB18}.Debug|Any CPU.Build.0 = Debug|Any CPU
		{17019CE7-5C24-440E-A341-5ECE9210EB18}.Release|Any CPU.ActiveCfg = Release|Any CPU
		{17019CE7-5C24-440E-A341-5ECE9210EB18}.Release|Any CPU.Build.0 = Release|Any CPU
		{71F728EA-DD1C-45F3-8FB2-7FE4589593E7}.Debug|Any CPU.ActiveCfg = Debug|Any CPU
		{71F728EA-DD1C-45F3-8FB2-7FE4589593E7}.Debug|Any CPU.Build.0 = Debug|Any CPU
		{71F728EA-DD1C-45F3-8FB2-7FE4589593E7}.Release|Any CPU.ActiveCfg = Release|Any CPU
		{71F728EA-DD1C-45F3-8FB2-7FE4589593E7}.Release|Any CPU.Build.0 = Release|Any CPU
	EndGlobalSection
	GlobalSection(SolutionProperties) = preSolution
		HideSolutionNode = FALSE
	EndGlobalSection
	GlobalSection(ExtensibilityGlobals) = postSolution
		SolutionGuid = {2E73CDC2-C8D8-45C0-AABE-72484E6B5741}
	EndGlobalSection
EndGlobal
